
Microsoft Visual Studio Solution File, Format Version 12.00
# Visual Studio Version 16
VisualStudioVersion = 16.0.30413.136
MinimumVisualStudioVersion = 10.0.40219.1
Project("{FAE04EC0-301F-11D3-BF4B-00C04F79EFBC}") = "Praktikum week 15", "Praktikum week 15\Praktikum week 15.csproj", "{83B6AA51-C2A3-4E62-A195-3DFE94A29283}"
EndProject
Global
	GlobalSection(SolutionConfigurationPlatforms) = preSolution
		Debug|Any CPU = Debug|Any CPU
		Release|Any CPU = Release|Any CPU
	EndGlobalSection
	GlobalSection(ProjectConfigurationPlatforms) = postSolution
		{83B6AA51-C2A3-4E62-A195-3DFE94A29283}.Debug|Any CPU.ActiveCfg = Debug|Any CPU
		{83B6AA51-C2A3-4E62-A195-3DFE94A29283}.Debug|Any CPU.Build.0 = Debug|Any CPU
		{83B6AA51-C2A3-4E62-A195-3DFE94A29283}.Release|Any CPU.ActiveCfg = Release|Any CPU
		{83B6AA51-C2A3-4E62-A195-3DFE94A29283}.Release|Any CPU.Build.0 = Release|Any CPU
	EndGlobalSection
	GlobalSection(SolutionProperties) = preSolution
		HideSolutionNode = FALSE
	EndGlobalSection
	GlobalSection(ExtensibilityGlobals) = postSolution
		SolutionGuid = {BD9F50CD-0023-4803-BB87-821DBFE27531}
	EndGlobalSection
EndGlobal
